
Microsoft Visual Studio Solution File, Format Version 12.00
# Visual Studio 2013
VisualStudioVersion = 12.0.40629.0
MinimumVisualStudioVersion = 10.0.40219.1
Project("{FAE04EC0-301F-11D3-BF4B-00C04F79EFBC}") = "Stork_Future_TaoLi", "Stork_Future_TaoLi\Stork_Future_TaoLi.csproj", "{384B5217-F6EA-4254-B4F8-F9FC60619971}"
EndProject
Project("{2150E333-8FDC-42A3-9474-1A3956D46DE8}") = "NewFolder1", "NewFolder1", "{603B0846-FC3B-49A7-AECB-886C0949EADA}"
EndProject
Project("{8BC9CEB8-8B4A-11D0-8D11-00A0C91BC942}") = "TraderBassClass", "TraderBassClass\TraderBassClass\TraderBassClass.vcxproj", "{46DB467F-A40C-43BD-B925-6B6BDEE3F26D}"
EndProject
Project("{FAE04EC0-301F-11D3-BF4B-00C04F79EFBC}") = "MarketInfoSys", "MarketInfoSys\MarketInfoSys.csproj", "{18D36003-506E-48EE-AA5F-0C363628E1FC}"
EndProject
Project("{8BC9CEB8-8B4A-11D0-8D11-00A0C91BC942}") = "STYClass", "STYClass\STYClass\STYClass.vcxproj", "{C3C736A6-43FD-44F7-8AAB-94C4D78063DA}"
EndProject
Project("{8BC9CEB8-8B4A-11D0-8D11-00A0C91BC942}") = "CTP_CLI", "CTP_CLI_Wrapper\CTP_CLI_Wrapper\CTP_CLI.vcxproj", "{B12612B4-FA9C-4049-A598-0131009A75C3}"
EndProject
Project("{2150E333-8FDC-42A3-9474-1A3956D46DE8}") = ".nuget", ".nuget", "{2C1EAE86-0525-4650-94A2-0E0D2789FF80}"
	ProjectSection(SolutionItems) = preProject
		.nuget\NuGet.Config = .nuget\NuGet.Config
		.nuget\NuGet.exe = .nuget\NuGet.exe
		.nuget\NuGet.targets = .nuget\NuGet.targets
	EndProjectSection
EndProject
Global
	GlobalSection(SolutionConfigurationPlatforms) = preSolution
		Debug|Any CPU = Debug|Any CPU
		Debug|ARM = Debug|ARM
		Debug|Mixed Platforms = Debug|Mixed Platforms
		Debug|Win32 = Debug|Win32
		Debug|x64 = Debug|x64
		Release|Any CPU = Release|Any CPU
		Release|ARM = Release|ARM
		Release|Mixed Platforms = Release|Mixed Platforms
		Release|Win32 = Release|Win32
		Release|x64 = Release|x64
	EndGlobalSection
	GlobalSection(ProjectConfigurationPlatforms) = postSolution
		{384B5217-F6EA-4254-B4F8-F9FC60619971}.Debug|Any CPU.ActiveCfg = Debug|Any CPU
		{384B5217-F6EA-4254-B4F8-F9FC60619971}.Debug|Any CPU.Build.0 = Debug|Any CPU
		{384B5217-F6EA-4254-B4F8-F9FC60619971}.Debug|ARM.ActiveCfg = Debug|Any CPU
		{384B5217-F6EA-4254-B4F8-F9FC60619971}.Debug|Mixed Platforms.ActiveCfg = Debug|Any CPU
		{384B5217-F6EA-4254-B4F8-F9FC60619971}.Debug|Mixed Platforms.Build.0 = Debug|Any CPU
		{384B5217-F6EA-4254-B4F8-F9FC60619971}.Debug|Mixed Platforms.Deploy.0 = Debug|Any CPU
		{384B5217-F6EA-4254-B4F8-F9FC60619971}.Debug|Win32.ActiveCfg = Debug|Any CPU
		{384B5217-F6EA-4254-B4F8-F9FC60619971}.Debug|x64.ActiveCfg = Release|x64
		{384B5217-F6EA-4254-B4F8-F9FC60619971}.Debug|x64.Build.0 = Release|x64
		{384B5217-F6EA-4254-B4F8-F9FC60619971}.Release|Any CPU.ActiveCfg = Release|x86
		{384B5217-F6EA-4254-B4F8-F9FC60619971}.Release|Any CPU.Build.0 = Release|x86
		{384B5217-F6EA-4254-B4F8-F9FC60619971}.Release|ARM.ActiveCfg = Release|Any CPU
		{384B5217-F6EA-4254-B4F8-F9FC60619971}.Release|Mixed Platforms.ActiveCfg = Release|Any CPU
		{384B5217-F6EA-4254-B4F8-F9FC60619971}.Release|Mixed Platforms.Build.0 = Release|Any CPU
		{384B5217-F6EA-4254-B4F8-F9FC60619971}.Release|Win32.ActiveCfg = Release|Any CPU
		{384B5217-F6EA-4254-B4F8-F9FC60619971}.Release|x64.ActiveCfg = Release|x64
		{384B5217-F6EA-4254-B4F8-F9FC60619971}.Release|x64.Build.0 = Release|x64
		{46DB467F-A40C-43BD-B925-6B6BDEE3F26D}.Debug|Any CPU.ActiveCfg = Debug|Win32
		{46DB467F-A40C-43BD-B925-6B6BDEE3F26D}.Debug|Any CPU.Build.0 = Debug|Win32
		{46DB467F-A40C-43BD-B925-6B6BDEE3F26D}.Debug|ARM.ActiveCfg = Debug|Win32
		{46DB467F-A40C-43BD-B925-6B6BDEE3F26D}.Debug|Mixed Platforms.ActiveCfg = Debug|Win32
		{46DB467F-A40C-43BD-B925-6B6BDEE3F26D}.Debug|Mixed Platforms.Build.0 = Debug|Win32
		{46DB467F-A40C-43BD-B925-6B6BDEE3F26D}.Debug|Mixed Platforms.Deploy.0 = Debug|Win32
		{46DB467F-A40C-43BD-B925-6B6BDEE3F26D}.Debug|Win32.ActiveCfg = Debug|Win32
		{46DB467F-A40C-43BD-B925-6B6BDEE3F26D}.Debug|Win32.Build.0 = Debug|Win32
		{46DB467F-A40C-43BD-B925-6B6BDEE3F26D}.Debug|x64.ActiveCfg = Release|x64
		{46DB467F-A40C-43BD-B925-6B6BDEE3F26D}.Debug|x64.Build.0 = Release|x64
		{46DB467F-A40C-43BD-B925-6B6BDEE3F26D}.Release|Any CPU.ActiveCfg = Debug|Win32
		{46DB467F-A40C-43BD-B925-6B6BDEE3F26D}.Release|Any CPU.Build.0 = Debug|Win32
		{46DB467F-A40C-43BD-B925-6B6BDEE3F26D}.Release|ARM.ActiveCfg = Release|Win32
		{46DB467F-A40C-43BD-B925-6B6BDEE3F26D}.Release|Mixed Platforms.ActiveCfg = Release|Win32
		{46DB467F-A40C-43BD-B925-6B6BDEE3F26D}.Release|Mixed Platforms.Build.0 = Release|Win32
		{46DB467F-A40C-43BD-B925-6B6BDEE3F26D}.Release|Win32.ActiveCfg = Release|Win32
		{46DB467F-A40C-43BD-B925-6B6BDEE3F26D}.Release|Win32.Build.0 = Release|Win32
		{46DB467F-A40C-43BD-B925-6B6BDEE3F26D}.Release|x64.ActiveCfg = Release|x64
		{46DB467F-A40C-43BD-B925-6B6BDEE3F26D}.Release|x64.Build.0 = Release|x64
		{18D36003-506E-48EE-AA5F-0C363628E1FC}.Debug|Any CPU.ActiveCfg = Release|Any CPU
		{18D36003-506E-48EE-AA5F-0C363628E1FC}.Debug|Any CPU.Build.0 = Release|Any CPU
		{18D36003-506E-48EE-AA5F-0C363628E1FC}.Debug|ARM.ActiveCfg = Debug|Any CPU
		{18D36003-506E-48EE-AA5F-0C363628E1FC}.Debug|Mixed Platforms.ActiveCfg = Release|Any CPU
		{18D36003-506E-48EE-AA5F-0C363628E1FC}.Debug|Mixed Platforms.Build.0 = Release|Any CPU
		{18D36003-506E-48EE-AA5F-0C363628E1FC}.Debug|Mixed Platforms.Deploy.0 = Release|Any CPU
		{18D36003-506E-48EE-AA5F-0C363628E1FC}.Debug|Win32.ActiveCfg = Debug|Any CPU
		{18D36003-506E-48EE-AA5F-0C363628E1FC}.Debug|x64.ActiveCfg = Release|Any CPU
		{18D36003-506E-48EE-AA5F-0C363628E1FC}.Debug|x64.Build.0 = Release|Any CPU
		{18D36003-506E-48EE-AA5F-0C363628E1FC}.Release|Any CPU.ActiveCfg = Release|Any CPU
		{18D36003-506E-48EE-AA5F-0C363628E1FC}.Release|Any CPU.Build.0 = Release|Any CPU
		{18D36003-506E-48EE-AA5F-0C363628E1FC}.Release|ARM.ActiveCfg = Release|Any CPU
		{18D36003-506E-48EE-AA5F-0C363628E1FC}.Release|Mixed Platforms.ActiveCfg = Release|Any CPU
		{18D36003-506E-48EE-AA5F-0C363628E1FC}.Release|Mixed Platforms.Build.0 = Release|Any CPU
		{18D36003-506E-48EE-AA5F-0C363628E1FC}.Release|Win32.ActiveCfg = Release|Any CPU
		{18D36003-506E-48EE-AA5F-0C363628E1FC}.Release|x64.ActiveCfg = Release|Any CPU
		{18D36003-506E-48EE-AA5F-0C363628E1FC}.Release|x64.Build.0 = Release|Any CPU
		{C3C736A6-43FD-44F7-8AAB-94C4D78063DA}.Debug|Any CPU.ActiveCfg = Debug|Win32
		{C3C736A6-43FD-44F7-8AAB-94C4D78063DA}.Debug|Any CPU.Build.0 = Debug|Win32
		{C3C736A6-43FD-44F7-8AAB-94C4D78063DA}.Debug|ARM.ActiveCfg = Debug|Win32
		{C3C736A6-43FD-44F7-8AAB-94C4D78063DA}.Debug|Mixed Platforms.ActiveCfg = Debug|Win32
		{C3C736A6-43FD-44F7-8AAB-94C4D78063DA}.Debug|Mixed Platforms.Build.0 = Debug|Win32
		{C3C736A6-43FD-44F7-8AAB-94C4D78063DA}.Debug|Mixed Platforms.Deploy.0 = Debug|Win32
		{C3C736A6-43FD-44F7-8AAB-94C4D78063DA}.Debug|Win32.ActiveCfg = Debug|Win32
		{C3C736A6-43FD-44F7-8AAB-94C4D78063DA}.Debug|Win32.Build.0 = Debug|Win32
		{C3C736A6-43FD-44F7-8AAB-94C4D78063DA}.Debug|x64.ActiveCfg = Release|Win32
		{C3C736A6-43FD-44F7-8AAB-94C4D78063DA}.Debug|x64.Build.0 = Release|Win32
		{C3C736A6-43FD-44F7-8AAB-94C4D78063DA}.Release|Any CPU.ActiveCfg = Release|Win32
		{C3C736A6-43FD-44F7-8AAB-94C4D78063DA}.Release|ARM.ActiveCfg = Release|Win32
		{C3C736A6-43FD-44F7-8AAB-94C4D78063DA}.Release|Mixed Platforms.ActiveCfg = Release|Win32
		{C3C736A6-43FD-44F7-8AAB-94C4D78063DA}.Release|Mixed Platforms.Build.0 = Release|Win32
		{C3C736A6-43FD-44F7-8AAB-94C4D78063DA}.Release|Win32.ActiveCfg = Release|Win32
		{C3C736A6-43FD-44F7-8AAB-94C4D78063DA}.Release|Win32.Build.0 = Release|Win32
		{C3C736A6-43FD-44F7-8AAB-94C4D78063DA}.Release|x64.ActiveCfg = Release|Win32
		{C3C736A6-43FD-44F7-8AAB-94C4D78063DA}.Release|x64.Build.0 = Release|Win32
		{B12612B4-FA9C-4049-A598-0131009A75C3}.Debug|Any CPU.ActiveCfg = Debug|Win32
		{B12612B4-FA9C-4049-A598-0131009A75C3}.Debug|Any CPU.Build.0 = Debug|Win32
		{B12612B4-FA9C-4049-A598-0131009A75C3}.Debug|ARM.ActiveCfg = Debug|Win32
		{B12612B4-FA9C-4049-A598-0131009A75C3}.Debug|Mixed Platforms.ActiveCfg = Debug|Win32
		{B12612B4-FA9C-4049-A598-0131009A75C3}.Debug|Mixed Platforms.Build.0 = Debug|Win32
		{B12612B4-FA9C-4049-A598-0131009A75C3}.Debug|Mixed Platforms.Deploy.0 = Debug|Win32
		{B12612B4-FA9C-4049-A598-0131009A75C3}.Debug|Win32.ActiveCfg = Debug|Win32
		{B12612B4-FA9C-4049-A598-0131009A75C3}.Debug|Win32.Build.0 = Debug|Win32
		{B12612B4-FA9C-4049-A598-0131009A75C3}.Debug|x64.ActiveCfg = Release|x64
		{B12612B4-FA9C-4049-A598-0131009A75C3}.Debug|x64.Build.0 = Release|x64
		{B12612B4-FA9C-4049-A598-0131009A75C3}.Release|Any CPU.ActiveCfg = Release|Win32
		{B12612B4-FA9C-4049-A598-0131009A75C3}.Release|ARM.ActiveCfg = Release|Win32
		{B12612B4-FA9C-4049-A598-0131009A75C3}.Release|Mixed Platforms.ActiveCfg = Release|Win32
		{B12612B4-FA9C-4049-A598-0131009A75C3}.Release|Mixed Platforms.Build.0 = Release|Win32
		{B12612B4-FA9C-4049-A598-0131009A75C3}.Release|Win32.ActiveCfg = Release|Win32
		{B12612B4-FA9C-4049-A598-0131009A75C3}.Release|Win32.Build.0 = Release|Win32
		{B12612B4-FA9C-4049-A598-0131009A75C3}.Release|x64.ActiveCfg = Release|x64
		{B12612B4-FA9C-4049-A598-0131009A75C3}.Release|x64.Build.0 = Release|x64
	EndGlobalSection
	GlobalSection(SolutionProperties) = preSolution
		HideSolutionNode = FALSE
	EndGlobalSection
EndGlobal
