<?xml version="1.0" encoding="utf-8"?>
<Project ToolsVersion="4.0" xmlns="http://schemas.microsoft.com/developer/msbuild/2003">
  <ItemGroup>
    <Filter Include="源文件">
      <UniqueIdentifier>{4FC737F1-C7A5-4376-A066-2A32D752A2FF}</UniqueIdentifier>
      <Extensions>cpp;c;cc;cxx;def;odl;idl;hpj;bat;asm;asmx</Extensions>
    </Filter>
    <Filter Include="头文件">
      <UniqueIdentifier>{93995380-89BD-4b04-88EB-625FBE52EBFB}</UniqueIdentifier>
      <Extensions>h;hpp;hxx;hm;inl;inc;xsd</Extensions>
    </Filter>
    <Filter Include="资源文件">
      <UniqueIdentifier>{67DA6AB6-F800-4c08-8B7A-83BB121AAD01}</UniqueIdentifier>
      <Extensions>rc;ico;cur;bmp;dlg;rc2;rct;bin;rgs;gif;jpg;jpeg;jpe;resx;tiff;tif;png;wav;mfcribbon-ms</Extensions>
    </Filter>
  </ItemGroup>
  <ItemGroup>
    <ClInclude Include="STYClass.h">
      <Filter>头文件</Filter>
    </ClInclude>
    <ClInclude Include="Stdafx.h">
      <Filter>头文件</Filter>
    </ClInclude>
    <ClInclude Include="resource.h">
      <Filter>头文件</Filter>
    </ClInclude>
    <ClInclude Include="CDataStruct.h">
      <Filter>头文件</Filter>
    </ClInclude>
    <ClInclude Include="CInterfaceStruct.h">
      <Filter>头文件</Filter>
    </ClInclude>
    <ClInclude Include="defines.h">
      <Filter>头文件</Filter>
    </ClInclude>
    <ClInclude Include="DepthMarketData.h">
      <Filter>头文件</Filter>
    </ClInclude>
    <ClInclude Include="Future.h">
      <Filter>头文件</Filter>
    </ClInclude>
    <ClInclude Include="Index.h">
      <Filter>头文件</Filter>
    </ClInclude>
    <ClInclude Include="Log4C.h">
      <Filter>头文件</Filter>
    </ClInclude>
    <ClInclude Include="Option.h">
      <Filter>头文件</Filter>
    </ClInclude>
    <ClInclude Include="Security.h">
      <Filter>头文件</Filter>
    </ClInclude>
    <ClInclude Include="Stock.h">
      <Filter>头文件</Filter>
    </ClInclude>
    <ClInclude Include="StrategyBase.h">
      <Filter>头文件</Filter>
    </ClInclude>
    <ClInclude Include="SyntheticIndex.h">
      <Filter>头文件</Filter>
    </ClInclude>
    <ClInclude Include="SyntheticOptionUnderlying.h">
      <Filter>头文件</Filter>
    </ClInclude>
    <ClInclude Include="SyntheticSecurity.h">
      <Filter>头文件</Filter>
    </ClInclude>
    <ClInclude Include="targetver.h">
      <Filter>头文件</Filter>
    </ClInclude>
    <ClInclude Include="TimeUtil.h">
      <Filter>头文件</Filter>
    </ClInclude>
    <ClInclude Include="managedSTYClass.h">
      <Filter>头文件</Filter>
    </ClInclude>
  </ItemGroup>
  <ItemGroup>
    <ClCompile Include="STYClass.cpp">
      <Filter>源文件</Filter>
    </ClCompile>
    <ClCompile Include="AssemblyInfo.cpp">
      <Filter>源文件</Filter>
    </ClCompile>
    <ClCompile Include="Stdafx.cpp">
      <Filter>源文件</Filter>
    </ClCompile>
    <ClCompile Include="DepthMarketData.cpp">
      <Filter>源文件</Filter>
    </ClCompile>
    <ClCompile Include="Future.cpp">
      <Filter>源文件</Filter>
    </ClCompile>
    <ClCompile Include="Index.cpp">
      <Filter>源文件</Filter>
    </ClCompile>
    <ClCompile Include="IndexFutureArbitrage_open.cpp">
      <Filter>源文件</Filter>
    </ClCompile>
    <ClCompile Include="Log4C.cpp">
      <Filter>源文件</Filter>
    </ClCompile>
    <ClCompile Include="Option.cpp">
      <Filter>源文件</Filter>
    </ClCompile>
    <ClCompile Include="Security.cpp">
      <Filter>源文件</Filter>
    </ClCompile>
    <ClCompile Include="Stock.cpp">
      <Filter>源文件</Filter>
    </ClCompile>
    <ClCompile Include="StrategyBase.cpp">
      <Filter>源文件</Filter>
    </ClCompile>
    <ClCompile Include="SyntheticIndex.cpp">
      <Filter>源文件</Filter>
    </ClCompile>
    <ClCompile Include="SyntheticOptionUnderlying.cpp">
      <Filter>源文件</Filter>
    </ClCompile>
    <ClCompile Include="SyntheticSecurity.cpp">
      <Filter>源文件</Filter>
    </ClCompile>
    <ClCompile Include="TimeUtil.cpp">
      <Filter>源文件</Filter>
    </ClCompile>
    <ClCompile Include="managedSTYClass.cpp">
      <Filter>源文件</Filter>
    </ClCompile>
    <ClCompile Include="IndexFutureArbitrage_close.cpp">
      <Filter>源文件</Filter>
    </ClCompile>
  </ItemGroup>
  <ItemGroup>
    <Text Include="ReadMe.txt" />
  </ItemGroup>
  <ItemGroup>
    <ResourceCompile Include="app.rc">
      <Filter>资源文件</Filter>
    </ResourceCompile>
  </ItemGroup>
  <ItemGroup>
    <Image Include="app.ico">
      <Filter>资源文件</Filter>
    </Image>
  </ItemGroup>
</Project>